
Microsoft Visual Studio Solution File, Format Version 12.00
# Visual Studio 15
VisualStudioVersion = 15.0.27703.2026
MinimumVisualStudioVersion = 10.0.40219.1
Project("{FAE04EC0-301F-11D3-BF4B-00C04F79EFBC}") = "SplitTextSample", "SplitTextSample\SplitTextSample.csproj", "{CE492DBF-6AC5-4CEB-B918-CA77D05A53DB}"
EndProject
Global
	GlobalSection(SolutionConfigurationPlatforms) = preSolution
		Debug|Any CPU = Debug|Any CPU
		Release|Any CPU = Release|Any CPU
	EndGlobalSection
	GlobalSection(ProjectConfigurationPlatforms) = postSolution
		{CE492DBF-6AC5-4CEB-B918-CA77D05A53DB}.Debug|Any CPU.ActiveCfg = Debug|Any CPU
		{CE492DBF-6AC5-4CEB-B918-CA77D05A53DB}.Debug|Any CPU.Build.0 = Debug|Any CPU
		{CE492DBF-6AC5-4CEB-B918-CA77D05A53DB}.Release|Any CPU.ActiveCfg = Release|Any CPU
		{CE492DBF-6AC5-4CEB-B918-CA77D05A53DB}.Release|Any CPU.Build.0 = Release|Any CPU
	EndGlobalSection
	GlobalSection(SolutionProperties) = preSolution
		HideSolutionNode = FALSE
	EndGlobalSection
	GlobalSection(ExtensibilityGlobals) = postSolution
		SolutionGuid = {7A80FB38-F0DD-41A7-A8E2-E613F43C1B74}
	EndGlobalSection
EndGlobal
